{
  "nodes": {
    "nixpkgs": {
      "locked": {
        "lastModified": 1723916487,
        "narHash": "sha256-BrCvrGmMpuF3tPQoAD3Nrzn+p1GCk/etfdq5kKz7E6M=",
        "owner": "NixOS",
        "repo": "nixpkgs",
        "rev": "e6db763ddee62c675743f2728eeceeaf20253e0b",
        "type": "github"
      },
      "original": {
        "owner": "NixOS",
        "repo": "nixpkgs",
        "type": "github"
      }
    },
    "root": {
      "inputs": {
        "nixpkgs": "nixpkgs"
      }
    }
  },
  "root": "root",
  "version": 7
}
